
Microsoft Visual Studio Solution File, Format Version 12.00
# Visual Studio Version 17
VisualStudioVersion = 17.12.35707.178 d17.12
MinimumVisualStudioVersion = 10.0.40219.1
Project("{FAE04EC0-301F-11D3-BF4B-00C04F79EFBC}") = "CICD", "CICD\CICD.csproj", "{BA35B0AD-0C48-4FBE-8299-96C909D0E9D7}"
EndProject
Project("{FAE04EC0-301F-11D3-BF4B-00C04F79EFBC}") = "xUnitTest", "xUnitTest\xUnitTest.csproj", "{1B2D442B-17D8-48F6-9FB4-D70FD27BA5AF}"
EndProject
Global
	GlobalSection(SolutionConfigurationPlatforms) = preSolution
		Debug|Any CPU = Debug|Any CPU
		Release|Any CPU = Release|Any CPU
	EndGlobalSection
	GlobalSection(ProjectConfigurationPlatforms) = postSolution
		{BA35B0AD-0C48-4FBE-8299-96C909D0E9D7}.Debug|Any CPU.ActiveCfg = Debug|Any CPU
		{BA35B0AD-0C48-4FBE-8299-96C909D0E9D7}.Debug|Any CPU.Build.0 = Debug|Any CPU
		{BA35B0AD-0C48-4FBE-8299-96C909D0E9D7}.Release|Any CPU.ActiveCfg = Release|Any CPU
		{BA35B0AD-0C48-4FBE-8299-96C909D0E9D7}.Release|Any CPU.Build.0 = Release|Any CPU
		{1B2D442B-17D8-48F6-9FB4-D70FD27BA5AF}.Debug|Any CPU.ActiveCfg = Debug|Any CPU
		{1B2D442B-17D8-48F6-9FB4-D70FD27BA5AF}.Debug|Any CPU.Build.0 = Debug|Any CPU
		{1B2D442B-17D8-48F6-9FB4-D70FD27BA5AF}.Release|Any CPU.ActiveCfg = Release|Any CPU
		{1B2D442B-17D8-48F6-9FB4-D70FD27BA5AF}.Release|Any CPU.Build.0 = Release|Any CPU
	EndGlobalSection
	GlobalSection(SolutionProperties) = preSolution
		HideSolutionNode = FALSE
	EndGlobalSection
EndGlobal
